
Microsoft Visual Studio Solution File, Format Version 12.00
# Visual Studio Version 17
VisualStudioVersion = 17.14.36518.9 d17.14
MinimumVisualStudioVersion = 10.0.40219.1
Project("{FAE04EC0-301F-11D3-BF4B-00C04F79EFBC}") = "Silaghi_Tania_lab1", "Silaghi_Tania_lab1.csproj", "{93A8A52D-C736-4ECB-B616-B1A690C8ABFF}"
EndProject
Global
	GlobalSection(SolutionConfigurationPlatforms) = preSolution
		Debug|Any CPU = Debug|Any CPU
		Release|Any CPU = Release|Any CPU
	EndGlobalSection
	GlobalSection(ProjectConfigurationPlatforms) = postSolution
		{93A8A52D-C736-4ECB-B616-B1A690C8ABFF}.Debug|Any CPU.ActiveCfg = Debug|Any CPU
		{93A8A52D-C736-4ECB-B616-B1A690C8ABFF}.Debug|Any CPU.Build.0 = Debug|Any CPU
		{93A8A52D-C736-4ECB-B616-B1A690C8ABFF}.Release|Any CPU.ActiveCfg = Release|Any CPU
		{93A8A52D-C736-4ECB-B616-B1A690C8ABFF}.Release|Any CPU.Build.0 = Release|Any CPU
	EndGlobalSection
	GlobalSection(SolutionProperties) = preSolution
		HideSolutionNode = FALSE
	EndGlobalSection
	GlobalSection(ExtensibilityGlobals) = postSolution
		SolutionGuid = {7FB14937-1154-43F9-8155-5A4BA5E4C4BE}
	EndGlobalSection
EndGlobal
